
Microsoft Visual Studio Solution File, Format Version 12.00
# Visual Studio Version 17
VisualStudioVersion = 17.8.34511.84
MinimumVisualStudioVersion = 10.0.40219.1
Project("{FAE04EC0-301F-11D3-BF4B-00C04F79EFBC}") = "CIT 190 Lesson 7 Collections LinkedList", "CIT 190 Lesson 7 Collections LinkedList.csproj", "{754B2927-4DA8-4943-9AAC-64A33EB704BA}"
EndProject
Global
	GlobalSection(SolutionConfigurationPlatforms) = preSolution
		Debug|Any CPU = Debug|Any CPU
		Release|Any CPU = Release|Any CPU
	EndGlobalSection
	GlobalSection(ProjectConfigurationPlatforms) = postSolution
		{754B2927-4DA8-4943-9AAC-64A33EB704BA}.Debug|Any CPU.ActiveCfg = Debug|Any CPU
		{754B2927-4DA8-4943-9AAC-64A33EB704BA}.Debug|Any CPU.Build.0 = Debug|Any CPU
		{754B2927-4DA8-4943-9AAC-64A33EB704BA}.Release|Any CPU.ActiveCfg = Release|Any CPU
		{754B2927-4DA8-4943-9AAC-64A33EB704BA}.Release|Any CPU.Build.0 = Release|Any CPU
	EndGlobalSection
	GlobalSection(SolutionProperties) = preSolution
		HideSolutionNode = FALSE
	EndGlobalSection
	GlobalSection(ExtensibilityGlobals) = postSolution
		SolutionGuid = {B6A94DB6-12B4-436E-BDCF-E9C21575BD6C}
	EndGlobalSection
EndGlobal
